<?xml version="1.0" encoding="utf-8"?>
<Project ToolsVersion="4.0" xmlns="http://schemas.microsoft.com/developer/msbuild/2003">
  <ItemGroup>
    <Filter Include="Resource Files">
      <UniqueIdentifier>{67DA6AB6-F800-4c08-8B7A-83BB121AAD01}</UniqueIdentifier>
      <Extensions>rc;ico;cur;bmp;dlg;rc2;rct;bin;rgs;gif;jpg;jpeg;jpe;resx;tiff;tif;png;wav;mfcribbon-ms</Extensions>
    </Filter>
    <Filter Include="Utils">
      <UniqueIdentifier>{3a0d094a-6f9d-43b8-aaea-6bf1b897a99b}</UniqueIdentifier>
    </Filter>
    <Filter Include="Menu">
      <UniqueIdentifier>{3d1002af-79db-40b1-a64b-6cf65d44aa32}</UniqueIdentifier>
    </Filter>
    <Filter Include="thirdparty">
      <UniqueIdentifier>{c56fe06f-a7f5-4525-b344-fa52758a5c33}</UniqueIdentifier>
    </Filter>
    <Filter Include="Memory">
      <UniqueIdentifier>{ec5233c7-b82a-470f-8df2-e78bce9d5929}</UniqueIdentifier>
    </Filter>
    <Filter Include="Files">
      <UniqueIdentifier>{4FC737F1-C7A5-4376-A066-2A32D752A2FF}</UniqueIdentifier>
      <Extensions>cpp;c;cc;cxx;def;odl;idl;hpj;bat;asm;asmx</Extensions>
    </Filter>
  </ItemGroup>
  <ItemGroup>
    <ClCompile Include="main.cpp">
      <Filter>Files</Filter>
    </ClCompile>
    <ClCompile Include="script.cpp">
      <Filter>Files</Filter>
    </ClCompile>
    <ClCompile Include="scriptSettings.cpp">
      <Filter>Files</Filter>
    </ClCompile>
    <ClCompile Include="scriptMenu.cpp">
      <Filter>Files</Filter>
    </ClCompile>
    <ClCompile Include="gearInfo.cpp">
      <Filter>Files</Filter>
    </ClCompile>
    <ClCompile Include="..\thirdparty\pugixml\pugixml.cpp">
      <Filter>thirdparty</Filter>
    </ClCompile>
    <ClCompile Include="..\thirdparty\GTAVMenuBase\menu.cpp">
      <Filter>Menu</Filter>
    </ClCompile>
    <ClCompile Include="..\thirdparty\GTAVMenuBase\menucontrols.cpp">
      <Filter>Menu</Filter>
    </ClCompile>
    <ClCompile Include="..\thirdparty\GTAVMenuBase\menukeyboard.cpp">
      <Filter>Menu</Filter>
    </ClCompile>
    <ClCompile Include="..\thirdparty\GTAVMenuBase\menumemutils.cpp">
      <Filter>Menu</Filter>
    </ClCompile>
    <ClCompile Include="..\thirdparty\GTAVMenuBase\menusettings.cpp">
      <Filter>Menu</Filter>
    </ClCompile>
    <ClCompile Include="..\thirdparty\GTAVMenuBase\menuutils.cpp">
      <Filter>Menu</Filter>
    </ClCompile>
    <ClCompile Include="Memory\NativeMemory.cpp">
      <Filter>Memory</Filter>
    </ClCompile>
    <ClCompile Include="Memory\VehicleExtensions.cpp">
      <Filter>Memory</Filter>
    </ClCompile>
    <ClCompile Include="Util\FileVersion.cpp">
      <Filter>Utils</Filter>
    </ClCompile>
    <ClCompile Include="Util\Timer.cpp">
      <Filter>Utils</Filter>
    </ClCompile>
    <ClCompile Include="Util\UIUtils.cpp">
      <Filter>Utils</Filter>
    </ClCompile>
    <ClCompile Include="Util\Color.cpp">
      <Filter>Utils</Filter>
    </ClCompile>
    <ClCompile Include="Util\Files.cpp">
      <Filter>Utils</Filter>
    </ClCompile>
    <ClCompile Include="Util\Logger.cpp">
      <Filter>Utils</Filter>
    </ClCompile>
    <ClCompile Include="Util\Paths.cpp">
      <Filter>Utils</Filter>
    </ClCompile>
    <ClCompile Include="Util\ScriptUtils.cpp">
      <Filter>Utils</Filter>
    </ClCompile>
    <ClCompile Include="..\thirdparty\fmt\src\format.cc">
      <Filter>thirdparty</Filter>
    </ClCompile>
    <ClCompile Include="Util\Strings.cpp">
      <Filter>Utils</Filter>
    </ClCompile>
  </ItemGroup>
  <ItemGroup>
    <ClInclude Include="script.h">
      <Filter>Files</Filter>
    </ClInclude>
    <ClInclude Include="scriptSettings.h">
      <Filter>Files</Filter>
    </ClInclude>
    <ClInclude Include="scriptMenu.h">
      <Filter>Files</Filter>
    </ClInclude>
    <ClInclude Include="gearInfo.h">
      <Filter>Files</Filter>
    </ClInclude>
    <ClInclude Include="..\thirdparty\pugixml\pugiconfig.hpp">
      <Filter>thirdparty</Filter>
    </ClInclude>
    <ClInclude Include="..\thirdparty\pugixml\pugixml.hpp">
      <Filter>thirdparty</Filter>
    </ClInclude>
    <ClInclude Include="..\thirdparty\GTAVMenuBase\InstructionalButton.h">
      <Filter>Menu</Filter>
    </ClInclude>
    <ClInclude Include="..\thirdparty\GTAVMenuBase\menu.h">
      <Filter>Menu</Filter>
    </ClInclude>
    <ClInclude Include="..\thirdparty\GTAVMenuBase\menucontrols.h">
      <Filter>Menu</Filter>
    </ClInclude>
    <ClInclude Include="..\thirdparty\GTAVMenuBase\menukeyboard.h">
      <Filter>Menu</Filter>
    </ClInclude>
    <ClInclude Include="..\thirdparty\GTAVMenuBase\menumemutils.hpp">
      <Filter>Menu</Filter>
    </ClInclude>
    <ClInclude Include="..\thirdparty\GTAVMenuBase\menusettings.h">
      <Filter>Menu</Filter>
    </ClInclude>
    <ClInclude Include="..\thirdparty\GTAVMenuBase\menuutils.h">
      <Filter>Menu</Filter>
    </ClInclude>
    <ClInclude Include="..\thirdparty\GTAVMenuBase\Scaleform.h">
      <Filter>Menu</Filter>
    </ClInclude>
    <ClInclude Include="Memory\VehicleExtensions.hpp">
      <Filter>Memory</Filter>
    </ClInclude>
    <ClInclude Include="Memory\VehicleFlags.h">
      <Filter>Memory</Filter>
    </ClInclude>
    <ClInclude Include="Memory\NativeMemory.hpp">
      <Filter>Memory</Filter>
    </ClInclude>
    <ClInclude Include="Memory\Offsets.hpp">
      <Filter>Memory</Filter>
    </ClInclude>
    <ClInclude Include="Memory\Versions.h">
      <Filter>Memory</Filter>
    </ClInclude>
    <ClInclude Include="Util\FileVersion.h">
      <Filter>Utils</Filter>
    </ClInclude>
    <ClInclude Include="Util\Timer.h">
      <Filter>Utils</Filter>
    </ClInclude>
    <ClInclude Include="Util\UIUtils.h">
      <Filter>Utils</Filter>
    </ClInclude>
    <ClInclude Include="Util\Color.h">
      <Filter>Utils</Filter>
    </ClInclude>
    <ClInclude Include="Util\Files.h">
      <Filter>Utils</Filter>
    </ClInclude>
    <ClInclude Include="Util\Logger.hpp">
      <Filter>Utils</Filter>
    </ClInclude>
    <ClInclude Include="Util\MathExt.h">
      <Filter>Utils</Filter>
    </ClInclude>
    <ClInclude Include="Util\Paths.h">
      <Filter>Utils</Filter>
    </ClInclude>
    <ClInclude Include="Util\ScriptUtils.h">
      <Filter>Utils</Filter>
    </ClInclude>
    <ClInclude Include="Constants.h">
      <Filter>Files</Filter>
    </ClInclude>
    <ClInclude Include="Util\Strings.h">
      <Filter>Utils</Filter>
    </ClInclude>
  </ItemGroup>
</Project>